uuid: 65d4484b-6042-4269-9904-0e7ceeb0bed6
langcode: en
status: true
dependencies:
  config:
    - field.storage.paragraph.field_block
    - paragraphs.paragraphs_type.block
  module:
    - block_field
id: paragraph.block.field_block
field_name: field_block
entity_type: paragraph
bundle: block
label: Block
description: ''
required: false
translatable: false
default_value: {  }
default_value_callback: ''
settings:
  selection: blocks
  selection_settings:
    plugin_ids:
      'views_block:manage_service_tasks-block_2': 'views_block:manage_service_tasks-block_2'
      'views_block:manage_service_tasks-block_1': 'views_block:manage_service_tasks-block_1'
field_type: block_field
